
Microsoft Visual Studio Solution File, Format Version 12.00
# Visual Studio 15
Project("{FAE04EC0-301F-11D3-BF4B-00C04F79EFBC}") = "Assembly-CSharp", "Assembly-CSharp.csproj", "{0670CF10-7560-5F4E-5E94-9BEC74DE606F}"
EndProject
Project("{FAE04EC0-301F-11D3-BF4B-00C04F79EFBC}") = "Assembly-CSharp-Editor", "Assembly-CSharp-Editor.csproj", "{A89612AD-62B7-B425-2310-06DFDE839DBB}"
EndProject
Project("{FAE04EC0-301F-11D3-BF4B-00C04F79EFBC}") = "Assembly-CSharp.Player", "Assembly-CSharp.Player.csproj", "{37CDCF3F-0389-B63F-5625-A1C74B87B5B7}"
EndProject
Global
	GlobalSection(SolutionConfigurationPlatforms) = preSolution
		Debug|Any CPU = Debug|Any CPU
		Release|Any CPU = Release|Any CPU
	EndGlobalSection
	GlobalSection(ProjectConfigurationPlatforms) = postSolution
		{0670CF10-7560-5F4E-5E94-9BEC74DE606F}.Debug|Any CPU.ActiveCfg = Debug|Any CPU
		{0670CF10-7560-5F4E-5E94-9BEC74DE606F}.Debug|Any CPU.Build.0 = Debug|Any CPU
		{0670CF10-7560-5F4E-5E94-9BEC74DE606F}.Release|Any CPU.ActiveCfg = Release|Any CPU
		{0670CF10-7560-5F4E-5E94-9BEC74DE606F}.Release|Any CPU.Build.0 = Release|Any CPU
		{A89612AD-62B7-B425-2310-06DFDE839DBB}.Debug|Any CPU.ActiveCfg = Debug|Any CPU
		{A89612AD-62B7-B425-2310-06DFDE839DBB}.Debug|Any CPU.Build.0 = Debug|Any CPU
		{A89612AD-62B7-B425-2310-06DFDE839DBB}.Release|Any CPU.ActiveCfg = Release|Any CPU
		{A89612AD-62B7-B425-2310-06DFDE839DBB}.Release|Any CPU.Build.0 = Release|Any CPU
		{37CDCF3F-0389-B63F-5625-A1C74B87B5B7}.Debug|Any CPU.ActiveCfg = Debug|Any CPU
		{37CDCF3F-0389-B63F-5625-A1C74B87B5B7}.Debug|Any CPU.Build.0 = Debug|Any CPU
		{37CDCF3F-0389-B63F-5625-A1C74B87B5B7}.Release|Any CPU.ActiveCfg = Release|Any CPU
		{37CDCF3F-0389-B63F-5625-A1C74B87B5B7}.Release|Any CPU.Build.0 = Release|Any CPU
	EndGlobalSection
	GlobalSection(SolutionProperties) = preSolution
		HideSolutionNode = FALSE
	EndGlobalSection
EndGlobal
